
Microsoft Visual Studio Solution File, Format Version 11.00
# Visual Studio 2010
Project("{FAE04EC0-301F-11D3-BF4B-00C04F79EFBC}") = "Quadratic Equation Solver", "Quadratic Equation Solver\Quadratic Equation Solver.csproj", "{1A4CF7D9-8410-404F-8B20-9274962D5757}"
EndProject
Global
	GlobalSection(SolutionConfigurationPlatforms) = preSolution
		Debug|x86 = Debug|x86
		Release|x86 = Release|x86
	EndGlobalSection
	GlobalSection(ProjectConfigurationPlatforms) = postSolution
		{1A4CF7D9-8410-404F-8B20-9274962D5757}.Debug|x86.ActiveCfg = Debug|x86
		{1A4CF7D9-8410-404F-8B20-9274962D5757}.Debug|x86.Build.0 = Debug|x86
		{1A4CF7D9-8410-404F-8B20-9274962D5757}.Release|x86.ActiveCfg = Release|x86
		{1A4CF7D9-8410-404F-8B20-9274962D5757}.Release|x86.Build.0 = Release|x86
	EndGlobalSection
	GlobalSection(SolutionProperties) = preSolution
		HideSolutionNode = FALSE
	EndGlobalSection
EndGlobal
